
Microsoft Visual Studio Solution File, Format Version 12.00
# Visual Studio Version 17
VisualStudioVersion = 17.11.35303.130
MinimumVisualStudioVersion = 10.0.40219.1
Project("{FAE04EC0-301F-11D3-BF4B-00C04F79EFBC}") = "BenefitsAutomationChallenge", "BenefitsAutomationChallenge.csproj", "{EE668D46-55AA-4CC5-94C4-35EB13328AA4}"
EndProject
Global
	GlobalSection(SolutionConfigurationPlatforms) = preSolution
		Debug|Any CPU = Debug|Any CPU
		Release|Any CPU = Release|Any CPU
	EndGlobalSection
	GlobalSection(ProjectConfigurationPlatforms) = postSolution
		{EE668D46-55AA-4CC5-94C4-35EB13328AA4}.Debug|Any CPU.ActiveCfg = Debug|Any CPU
		{EE668D46-55AA-4CC5-94C4-35EB13328AA4}.Debug|Any CPU.Build.0 = Debug|Any CPU
		{EE668D46-55AA-4CC5-94C4-35EB13328AA4}.Release|Any CPU.ActiveCfg = Release|Any CPU
		{EE668D46-55AA-4CC5-94C4-35EB13328AA4}.Release|Any CPU.Build.0 = Release|Any CPU
	EndGlobalSection
	GlobalSection(SolutionProperties) = preSolution
		HideSolutionNode = FALSE
	EndGlobalSection
	GlobalSection(ExtensibilityGlobals) = postSolution
		SolutionGuid = {7BC0B7D2-A512-47A7-AE26-05D047AA32CB}
	EndGlobalSection
EndGlobal
